{
  "lockfileVersion": 1,
  "configVersion": 1,
  "workspaces": {
    "": {
      "name": "zo-router",
      "dependencies": {
        "pixi-viewport": "6.0.3",
        "pixi.js": "8.21.0",
      },
    },
  },
  "packages": {
    "@pixi/colord": ["@pixi/colord@2.9.6", "", {}, "sha512-nezytU2pw587fQstUu1AsJZDVEynjskwOL+kibwcdxsMBFqPsFFNA7xl0ii/gXuDi6M0xj3mfRJj8pBSc2jCfA=="],

    "@types/earcut": ["@types/earcut@3.0.0", "", {}, "sha512-k/9fOUGO39yd2sCjrbAJvGDEQvRwRnQIZlBz43roGwUZo5SHAmyVvSFyaVVZkicRVCaDXPKlbxrUcBuJoSWunQ=="],

    "@webgpu/types": ["@webgpu/types@0.1.74", "", {}, "sha512-lgiI4hbuLcI9unnm2cL/tvCaQU45dp0xcLWJh5uB/9MBGvIA4F8XIk7nSiBeg+K4xWGYwgZKn80LmERI5CxoTA=="],

    "@xmldom/xmldom": ["@xmldom/xmldom@0.8.15", "", {}, "sha512-/5NV/vDALVFDXgLmfsy9TRCBlKwO2LNBFzpzvb9iIj+jR+eSc6DLYYvVOdivT/jm7MtU6TebYuRmzEOI7w40UA=="],

    "earcut": ["earcut@3.2.3", "", {}, "sha512-vnS4AVwp1KHAF13i1vp1/2D5evWy3k5u/iW/B81QVsUZtV8cv2tU0b2VNFlqvh4kYwrFMDdjPCfAmfyJW9y14Q=="],

    "eventemitter3": ["eventemitter3@5.0.4", "", {}, "sha512-mlsTRyGaPBjPedk6Bvw+aqbsXDtoAyAzm5MO7JgU+yVRyMQ5O8bD4Kcci7BS85f93veegeCPkL8R4GLClnjLFw=="],

    "gifuct-js": ["gifuct-js@2.1.2", "", { "dependencies": { "js-binary-schema-parser": "^2.0.3" } }, "sha512-rI2asw77u0mGgwhV3qA+OEgYqaDn5UNqgs+Bx0FGwSpuqfYn+Ir6RQY5ENNQ8SbIiG/m5gVa7CD5RriO4f4Lsg=="],

    "ismobilejs": ["ismobilejs@1.1.1", "", {}, "sha512-VaFW53yt8QO61k2WJui0dHf4SlL8lxBofUuUmwBo0ljPk0Drz2TiuDW4jo3wDcv41qy/SxrJ+VAzJ/qYqsmzRw=="],

    "js-binary-schema-parser": ["js-binary-schema-parser@2.0.3", "", {}, "sha512-xezGJmOb4lk/M1ZZLTR/jaBHQ4gG/lqQnJqdIv4721DMggsa1bDVlHXNeHYogaIEHD9vCRv0fcL4hMA+Coarkg=="],

    "parse-svg-path": ["parse-svg-path@0.2.0", "", {}, "sha512-Tf7FFIrguPKQwzD4pWnYkR2VOv3raoHeKED80Bm+BYHI3KxC8KsgsGC5+fSMzAGDA6UEk4bHvmi+RsjmL3khpg=="],

    "pixi-viewport": ["pixi-viewport@6.0.3", "", { "peerDependencies": { "pixi.js": ">=8" } }, "sha512-2+qPJ0/n+8hQYhWvY+795+x9y3MiUrCOWacK0DY53whowWaGdx9iDocy7z1pBwjkZhC52YvrJQuZKK0sdVLtBw=="],

    "pixi.js": ["pixi.js@8.21.0", "", { "dependencies": { "@pixi/colord": "^2.9.6", "@types/earcut": "^3.0.0", "@webgpu/types": "^0.1.69", "@xmldom/xmldom": "^0.8.15", "earcut": "^3.0.2", "eventemitter3": "^5.0.1", "gifuct-js": "^2.1.2", "ismobilejs": "^1.1.1", "parse-svg-path": "^0.2.0", "tiny-lru": "^11.4.7" } }, "sha512-GJ/KqBtUuWDBPMQu2D0ZHsRCYOcWRjjKrpyC+3jPQI5JTqHMC5dH8l9sSyvoUT4qJidvRzs1fwFWRWceno2Ltw=="],

    "tiny-lru": ["tiny-lru@11.4.7", "", {}, "sha512-w/Te7uMUVeH0CR8vZIjr+XiN41V+30lkDdK+NRIDCUYKKuL9VcmaUEmaPISuwGhLlrTGh5yu18lENtR9axSxYw=="],
  }
}
